# This file is automatically @generated by Cargo.
# It is not intended for manual editing.
version = 3

[[package]]
name = "capsules-core"
version = "0.1.0"
source = "git+https://github.com/tock/tock?rev=650812b962e9cf1527ed1fa3322c43dcec7cadae#650812b962e9cf1527ed1fa3322c43dcec7cadae"
dependencies = [
 "enum_primitive",
 "kernel",
 "tickv",
]

[[package]]
name = "capsules-extra"
version = "0.1.0"
source = "git+https://github.com/tock/tock?rev=650812b962e9cf1527ed1fa3322c43dcec7cadae#650812b962e9cf1527ed1fa3322c43dcec7cadae"
dependencies = [
 "capsules-core",
 "enum_primitive",
 "kernel",
 "tickv",
]

[[package]]
name = "capsules-system"
version = "0.1.0"
source = "git+https://github.com/tock/tock?rev=650812b962e9cf1527ed1fa3322c43dcec7cadae#650812b962e9cf1527ed1fa3322c43dcec7cadae"
dependencies = [
 "kernel",
 "tock-tbf",
]

[[package]]
name = "components"
version = "0.1.0"
source = "git+https://github.com/tock/tock?rev=650812b962e9cf1527ed1fa3322c43dcec7cadae#650812b962e9cf1527ed1fa3322c43dcec7cadae"
dependencies = [
 "capsules-core",
 "capsules-extra",
 "capsules-system",
 "kernel",
]

[[package]]
name = "cortexm"
version = "0.1.0"
source = "git+https://github.com/tock/tock?rev=650812b962e9cf1527ed1fa3322c43dcec7cadae#650812b962e9cf1527ed1fa3322c43dcec7cadae"
dependencies = [
 "kernel",
]

[[package]]
name = "cortexm4"
version = "0.1.0"
source = "git+https://github.com/tock/tock?rev=650812b962e9cf1527ed1fa3322c43dcec7cadae#650812b962e9cf1527ed1fa3322c43dcec7cadae"
dependencies = [
 "cortexm",
 "cortexv7m",
 "kernel",
]

[[package]]
name = "cortexv7m"
version = "0.1.0"
source = "git+https://github.com/tock/tock?rev=650812b962e9cf1527ed1fa3322c43dcec7cadae#650812b962e9cf1527ed1fa3322c43dcec7cadae"
dependencies = [
 "kernel",
]

[[package]]
name = "encapfn"
version = "0.1.0"
source = "git+https://github.com/encapfn/encapfn?rev=825b6ff0a5ce840a89edd4ce03c79d47f5d39b07#825b6ff0a5ce840a89edd4ce03c79d47f5d39b07"

[[package]]
name = "encapfn-demo-nrf52840dk"
version = "0.1.0"
dependencies = [
 "capsules-core",
 "capsules-extra",
 "capsules-system",
 "components",
 "kernel",
 "nrf52840",
 "nrf52840dk",
]

[[package]]
name = "encapfn-tock"
version = "0.1.0"
dependencies = [
 "encapfn",
 "kernel",
 "rv32i",
 "tock-tbf",
]

[[package]]
name = "enum_primitive"
version = "0.1.0"
source = "git+https://github.com/tock/tock?rev=650812b962e9cf1527ed1fa3322c43dcec7cadae#650812b962e9cf1527ed1fa3322c43dcec7cadae"

[[package]]
name = "kernel"
version = "0.1.0"
source = "git+https://github.com/tock/tock?rev=650812b962e9cf1527ed1fa3322c43dcec7cadae#650812b962e9cf1527ed1fa3322c43dcec7cadae"
dependencies = [
 "tock-cells",
 "tock-registers",
 "tock-tbf",
]

[[package]]
name = "nrf52"
version = "0.1.0"
source = "git+https://github.com/tock/tock?rev=650812b962e9cf1527ed1fa3322c43dcec7cadae#650812b962e9cf1527ed1fa3322c43dcec7cadae"
dependencies = [
 "cortexm4",
 "enum_primitive",
 "kernel",
 "nrf5x",
]

[[package]]
name = "nrf52840"
version = "0.1.0"
source = "git+https://github.com/tock/tock?rev=650812b962e9cf1527ed1fa3322c43dcec7cadae#650812b962e9cf1527ed1fa3322c43dcec7cadae"
dependencies = [
 "cortexm4",
 "kernel",
 "nrf52",
]

[[package]]
name = "nrf52840dk"
version = "0.1.0"
source = "git+https://github.com/tock/tock?rev=650812b962e9cf1527ed1fa3322c43dcec7cadae#650812b962e9cf1527ed1fa3322c43dcec7cadae"
dependencies = [
 "capsules-core",
 "capsules-extra",
 "capsules-system",
 "components",
 "cortexm4",
 "kernel",
 "nrf52840",
 "nrf52_components",
]

[[package]]
name = "nrf52_components"
version = "0.1.0"
source = "git+https://github.com/tock/tock?rev=650812b962e9cf1527ed1fa3322c43dcec7cadae#650812b962e9cf1527ed1fa3322c43dcec7cadae"
dependencies = [
 "capsules-core",
 "capsules-extra",
 "capsules-system",
 "components",
 "cortexm4",
 "kernel",
 "nrf52",
]

[[package]]
name = "nrf5x"
version = "0.1.0"
source = "git+https://github.com/tock/tock?rev=650812b962e9cf1527ed1fa3322c43dcec7cadae#650812b962e9cf1527ed1fa3322c43dcec7cadae"
dependencies = [
 "enum_primitive",
 "kernel",
]

[[package]]
name = "riscv"
version = "0.1.0"
source = "git+https://github.com/tock/tock?rev=650812b962e9cf1527ed1fa3322c43dcec7cadae#650812b962e9cf1527ed1fa3322c43dcec7cadae"
dependencies = [
 "kernel",
 "riscv-csr",
 "tock-registers",
]

[[package]]
name = "riscv-csr"
version = "0.1.0"
source = "git+https://github.com/tock/tock?rev=650812b962e9cf1527ed1fa3322c43dcec7cadae#650812b962e9cf1527ed1fa3322c43dcec7cadae"
dependencies = [
 "tock-registers",
]

[[package]]
name = "rv32i"
version = "0.1.0"
source = "git+https://github.com/tock/tock?rev=650812b962e9cf1527ed1fa3322c43dcec7cadae#650812b962e9cf1527ed1fa3322c43dcec7cadae"
dependencies = [
 "kernel",
 "riscv",
 "riscv-csr",
 "tock-registers",
]

[[package]]
name = "tickv"
version = "1.0.0"
source = "git+https://github.com/tock/tock?rev=650812b962e9cf1527ed1fa3322c43dcec7cadae#650812b962e9cf1527ed1fa3322c43dcec7cadae"

[[package]]
name = "tock-cells"
version = "0.1.0"
source = "git+https://github.com/tock/tock?rev=650812b962e9cf1527ed1fa3322c43dcec7cadae#650812b962e9cf1527ed1fa3322c43dcec7cadae"

[[package]]
name = "tock-registers"
version = "0.9.0"
source = "git+https://github.com/tock/tock?rev=650812b962e9cf1527ed1fa3322c43dcec7cadae#650812b962e9cf1527ed1fa3322c43dcec7cadae"

[[package]]
name = "tock-tbf"
version = "0.1.0"
source = "git+https://github.com/tock/tock?rev=650812b962e9cf1527ed1fa3322c43dcec7cadae#650812b962e9cf1527ed1fa3322c43dcec7cadae"
